PODS:
  - KIF (2.0.0)
  - RBStoryboardLink (0.0.6)

DEPENDENCIES:
  - KIF (~> 2.0)
  - RBStoryboardLink (from `..`)

EXTERNAL SOURCES:
  RBStoryboardLink:
    :path: ..

SPEC CHECKSUMS:
  KIF: ff3b46deb62ce3f8e99c6a2c786729e1eea241ba
  RBStoryboardLink: f0f6cbc78a87c853d038017be4231e6e574c97ae

COCOAPODS: 0.28.0
