PODS:
  - KIF (2.0.0)
  - RBStoryboardLink (0.0.8)

DEPENDENCIES:
  - KIF (~> 2.0)
  - RBStoryboardLink (from `../RBStoryboardLink.podspec`)

EXTERNAL SOURCES:
  RBStoryboardLink:
    :path: ../RBStoryboardLink.podspec

SPEC CHECKSUMS:
  KIF: c01fb8fb593cf8ffeeb69ed8d402ce88143e0697
  RBStoryboardLink: 1bcff9be9fa9de9d66ea10518a327be1af729d03

COCOAPODS: 0.31.1
