PODS:
  - KIF (3.1.2):
    - KIF/XCTest (= 3.1.2)
  - KIF/XCTest (3.1.2)
  - RBStoryboardLink (0.1.1)

DEPENDENCIES:
  - KIF (~> 3.0)
  - RBStoryboardLink (from `../RBStoryboardLink.podspec`)

EXTERNAL SOURCES:
  RBStoryboardLink:
    :path: ../RBStoryboardLink.podspec

SPEC CHECKSUMS:
  KIF: 068074b24dd455025e7f2a488ba4fb07b9ce047b
  RBStoryboardLink: d870832266eede14cb45533e7a10e4fbd5b011ce

COCOAPODS: 0.35.0
